
Microsoft Visual Studio Solution File, Format Version 12.00
# Visual Studio Version 17
VisualStudioVersion = 17.3.32819.101
MinimumVisualStudioVersion = 15.0.26124.0
Project("{9A19103F-16F7-4668-BE54-9A1E7A4F7556}") = "HS.Project.CostCalculator.Wpf", "HS.Project.CostCalculator.Wpf\HS.Project.CostCalculator.Wpf.csproj", "{1AF2FDDC-3720-411A-A903-A1C81F1B2560}"
EndProject
Project("{FAE04EC0-301F-11D3-BF4B-00C04F79EFBC}") = "HS.Project.CostCalculator.UnitTests", "HS.Project.CostCalculator.UnitTests\HS.Project.CostCalculator.UnitTests.csproj", "{EAA32214-8D0B-4FA5-87F5-33E7B6FD8D12}"
EndProject
Global
	GlobalSection(SolutionConfigurationPlatforms) = preSolution
		Debug|Any CPU = Debug|Any CPU
		Debug|x64 = Debug|x64
		Debug|x86 = Debug|x86
		Release|Any CPU = Release|Any CPU
		Release|x64 = Release|x64
		Release|x86 = Release|x86
	EndGlobalSection
	GlobalSection(ProjectConfigurationPlatforms) = postSolution
		{1AF2FDDC-3720-411A-A903-A1C81F1B2560}.Debug|Any CPU.ActiveCfg = Debug|Any CPU
		{1AF2FDDC-3720-411A-A903-A1C81F1B2560}.Debug|Any CPU.Build.0 = Debug|Any CPU
		{1AF2FDDC-3720-411A-A903-A1C81F1B2560}.Debug|x64.ActiveCfg = Debug|Any CPU
		{1AF2FDDC-3720-411A-A903-A1C81F1B2560}.Debug|x64.Build.0 = Debug|Any CPU
		{1AF2FDDC-3720-411A-A903-A1C81F1B2560}.Debug|x86.ActiveCfg = Debug|Any CPU
		{1AF2FDDC-3720-411A-A903-A1C81F1B2560}.Debug|x86.Build.0 = Debug|Any CPU
		{1AF2FDDC-3720-411A-A903-A1C81F1B2560}.Release|Any CPU.ActiveCfg = Release|Any CPU
		{1AF2FDDC-3720-411A-A903-A1C81F1B2560}.Release|Any CPU.Build.0 = Release|Any CPU
		{1AF2FDDC-3720-411A-A903-A1C81F1B2560}.Release|x64.ActiveCfg = Release|Any CPU
		{1AF2FDDC-3720-411A-A903-A1C81F1B2560}.Release|x64.Build.0 = Release|Any CPU
		{1AF2FDDC-3720-411A-A903-A1C81F1B2560}.Release|x86.ActiveCfg = Release|Any CPU
		{1AF2FDDC-3720-411A-A903-A1C81F1B2560}.Release|x86.Build.0 = Release|Any CPU
		{EAA32214-8D0B-4FA5-87F5-33E7B6FD8D12}.Debug|Any CPU.ActiveCfg = Debug|Any CPU
		{EAA32214-8D0B-4FA5-87F5-33E7B6FD8D12}.Debug|Any CPU.Build.0 = Debug|Any CPU
		{EAA32214-8D0B-4FA5-87F5-33E7B6FD8D12}.Debug|x64.ActiveCfg = Debug|Any CPU
		{EAA32214-8D0B-4FA5-87F5-33E7B6FD8D12}.Debug|x64.Build.0 = Debug|Any CPU
		{EAA32214-8D0B-4FA5-87F5-33E7B6FD8D12}.Debug|x86.ActiveCfg = Debug|Any CPU
		{EAA32214-8D0B-4FA5-87F5-33E7B6FD8D12}.Debug|x86.Build.0 = Debug|Any CPU
		{EAA32214-8D0B-4FA5-87F5-33E7B6FD8D12}.Release|Any CPU.ActiveCfg = Release|Any CPU
		{EAA32214-8D0B-4FA5-87F5-33E7B6FD8D12}.Release|Any CPU.Build.0 = Release|Any CPU
		{EAA32214-8D0B-4FA5-87F5-33E7B6FD8D12}.Release|x64.ActiveCfg = Release|Any CPU
		{EAA32214-8D0B-4FA5-87F5-33E7B6FD8D12}.Release|x64.Build.0 = Release|Any CPU
		{EAA32214-8D0B-4FA5-87F5-33E7B6FD8D12}.Release|x86.ActiveCfg = Release|Any CPU
		{EAA32214-8D0B-4FA5-87F5-33E7B6FD8D12}.Release|x86.Build.0 = Release|Any CPU
	EndGlobalSection
	GlobalSection(SolutionProperties) = preSolution
		HideSolutionNode = FALSE
	EndGlobalSection
	GlobalSection(ExtensibilityGlobals) = postSolution
		SolutionGuid = {FB3E148E-207F-4EBE-80C9-260F172FB5F2}
	EndGlobalSection
EndGlobal
